<?xml version="1.0" encoding="utf-8"?>
<Project ToolsVersion="4.0" xmlns="http://schemas.microsoft.com/developer/msbuild/2003">
  <ItemGroup>
    <Filter Include="main">
      <UniqueIdentifier>{09cfdf5a-9b18-4d48-b13f-d49f0ab29962}</UniqueIdentifier>
    </Filter>
    <Filter Include="[libs]">
      <UniqueIdentifier>{5d4f229b-e9b7-4335-8c2c-c64d26dd2240}</UniqueIdentifier>
    </Filter>
    <Filter Include="[libs]\game">
      <UniqueIdentifier>{52d153ad-eee9-42ec-b4ad-b89f7f1952d5}</UniqueIdentifier>
    </Filter>
    <Filter Include="[libs]\simple_ini">
      <UniqueIdentifier>{8a5ce474-a448-4f17-8436-6b21729116df}</UniqueIdentifier>
    </Filter>
    <Filter Include="[libs]\game\sdl">
      <UniqueIdentifier>{dee8ec77-1048-47ed-b6aa-675c7e1c403d}</UniqueIdentifier>
    </Filter>
    <Filter Include="gui">
      <UniqueIdentifier>{279f5f8c-ba4c-4d8d-834d-7adced550077}</UniqueIdentifier>
    </Filter>
  </ItemGroup>
  <ItemGroup>
    <ClInclude Include="game.h">
      <Filter>main</Filter>
    </ClInclude>
    <ClInclude Include="game_base.h">
      <Filter>main</Filter>
    </ClInclude>
    <ClInclude Include="[libs]\game\common.h">
      <Filter>[libs]\game</Filter>
    </ClInclude>
    <ClInclude Include="[libs]\simple_ini\SimpleIni.h">
      <Filter>[libs]\simple_ini</Filter>
    </ClInclude>
    <ClInclude Include="[libs]\game\sdl\sdl_log.h">
      <Filter>[libs]\game\sdl</Filter>
    </ClInclude>
    <ClInclude Include="[libs]\game\sdl\sdl_ptr.h">
      <Filter>[libs]\game\sdl</Filter>
    </ClInclude>
    <ClInclude Include="[libs]\game\sdl\sdl_utils.h">
      <Filter>[libs]\game\sdl</Filter>
    </ClInclude>
    <ClInclude Include="config.h">
      <Filter>main</Filter>
    </ClInclude>
    <ClInclude Include="[libs]\game\data.h">
      <Filter>[libs]\game</Filter>
    </ClInclude>
    <ClInclude Include="state.h">
      <Filter>main</Filter>
    </ClInclude>
    <ClInclude Include="[libs]\game\data_path.h">
      <Filter>[libs]\game</Filter>
    </ClInclude>
    <ClInclude Include="cegui.h">
      <Filter>gui</Filter>
    </ClInclude>
  </ItemGroup>
  <ItemGroup>
    <ClCompile Include="main.cpp">
      <Filter>main</Filter>
    </ClCompile>
    <ClCompile Include="game.cpp">
      <Filter>main</Filter>
    </ClCompile>
    <ClCompile Include="game_base.cpp">
      <Filter>main</Filter>
    </ClCompile>
    <ClCompile Include="config.cpp">
      <Filter>main</Filter>
    </ClCompile>
    <ClCompile Include="[libs]\game\data.cpp">
      <Filter>[libs]\game</Filter>
    </ClCompile>
    <ClCompile Include="state.cpp">
      <Filter>main</Filter>
    </ClCompile>
    <ClCompile Include="[libs]\game\data_path.cpp">
      <Filter>[libs]\game</Filter>
    </ClCompile>
    <ClCompile Include="cegui.cpp">
      <Filter>gui</Filter>
    </ClCompile>
  </ItemGroup>
</Project>