<?xml version="1.0" encoding="utf-8"?>
<Project ToolsVersion="4.0" xmlns="http://schemas.microsoft.com/developer/msbuild/2003">
  <ItemGroup>
    <Filter Include="main">
      <UniqueIdentifier>{09cfdf5a-9b18-4d48-b13f-d49f0ab29962}</UniqueIdentifier>
    </Filter>
    <Filter Include="game">
      <UniqueIdentifier>{5ae320ba-ffa7-4076-975c-5f62c159c333}</UniqueIdentifier>
    </Filter>
  </ItemGroup>
  <ItemGroup>
    <ClInclude Include="sdl_ptr.h">
      <Filter>main</Filter>
    </ClInclude>
    <ClInclude Include="sdl_log.h">
      <Filter>main</Filter>
    </ClInclude>
    <ClInclude Include="sdl_utils.h">
      <Filter>main</Filter>
    </ClInclude>
    <ClInclude Include="game.h">
      <Filter>main</Filter>
    </ClInclude>
    <ClInclude Include="game_base.h">
      <Filter>main</Filter>
    </ClInclude>
    <ClInclude Include="game\common.h">
      <Filter>game</Filter>
    </ClInclude>
  </ItemGroup>
  <ItemGroup>
    <ClCompile Include="main.cpp">
      <Filter>main</Filter>
    </ClCompile>
    <ClCompile Include="game.cpp">
      <Filter>main</Filter>
    </ClCompile>
    <ClCompile Include="game_base.cpp">
      <Filter>main</Filter>
    </ClCompile>
  </ItemGroup>
</Project>